// !$*UTF8*$!
{
	archiveVersion = 1;
	classes = {
	};
	objectVersion = 51;
	objects = {

/* Begin PBXBuildFile section */
		68672C0D1F9CF67CB5CE652C /* Pods_BookMyShowDemo_BookMyShowDemoUITests.framework in Frameworks */ = {isa = PBXBuildFile; fileRef = AE064F3B92A71568D68194D3 /* Pods_BookMyShowDemo_BookMyShowDemoUITests.framework */; };
		98D580A226354646000EEA13 /* AppDelegate.swift in Sources */ = {isa = PBXBuildFile; fileRef = 98D580A126354646000EEA13 /* AppDelegate.swift */; };
		98D580A426354646000EEA13 /* SceneDelegate.swift in Sources */ = {isa = PBXBuildFile; fileRef = 98D580A326354646000EEA13 /* SceneDelegate.swift */; };
		98D580AB26354647000EEA13 /* Assets.xcassets in Resources */ = {isa = PBXBuildFile; fileRef = 98D580AA26354647000EEA13 /* Assets.xcassets */; };
		98D580AE26354647000EEA13 /* LaunchScreen.storyboard in Resources */ = {isa = PBXBuildFile; fileRef = 98D580AC26354647000EEA13 /* LaunchScreen.storyboard */; };
		98D580B926354647000EEA13 /* BookMyShowDemoTests.swift in Sources */ = {isa = PBXBuildFile; fileRef = 98D580B826354647000EEA13 /* BookMyShowDemoTests.swift */; };
		98D580C426354647000EEA13 /* BookMyShowDemoUITests.swift in Sources */ = {isa = PBXBuildFile; fileRef = 98D580C326354647000EEA13 /* BookMyShowDemoUITests.swift */; };
		98D580DF2637395F000EEA13 /* APIClient.swift in Sources */ = {isa = PBXBuildFile; fileRef = 98D580DE2637395F000EEA13 /* APIClient.swift */; };
		98D580E426373976000EEA13 /* APIConfiguration.swift in Sources */ = {isa = PBXBuildFile; fileRef = 98D580E326373976000EEA13 /* APIConfiguration.swift */; };
		98D580ED26373A85000EEA13 /* ErrorResponse.swift in Sources */ = {isa = PBXBuildFile; fileRef = 98D580EC26373A85000EEA13 /* ErrorResponse.swift */; };
		98D580F626373B2B000EEA13 /* Constants.swift in Sources */ = {isa = PBXBuildFile; fileRef = 98D580F526373B2B000EEA13 /* Constants.swift */; };
		98D580FF26373BA5000EEA13 /* Extensions.swift in Sources */ = {isa = PBXBuildFile; fileRef = 98D580FE26373BA5000EEA13 /* Extensions.swift */; };
		98D5811726374070000EEA13 /* NetworkConstants.swift in Sources */ = {isa = PBXBuildFile; fileRef = 98D5811626374070000EEA13 /* NetworkConstants.swift */; };
		98D5812626374276000EEA13 /* Movie.storyboard in Resources */ = {isa = PBXBuildFile; fileRef = 98D5812526374276000EEA13 /* Movie.storyboard */; };
		98D5812B26374288000EEA13 /* MovieStoryboard.swift in Sources */ = {isa = PBXBuildFile; fileRef = 98D5812A26374288000EEA13 /* MovieStoryboard.swift */; };
		98D58130263742C7000EEA13 /* StoryboardRouter.swift in Sources */ = {isa = PBXBuildFile; fileRef = 98D5812F263742C7000EEA13 /* StoryboardRouter.swift */; };
		98D5813C26374407000EEA13 /* MovieListViewController.swift in Sources */ = {isa = PBXBuildFile; fileRef = 98D5813B26374407000EEA13 /* MovieListViewController.swift */; };
		98D58141263745BB000EEA13 /* MovieListViewController+UI.swift in Sources */ = {isa = PBXBuildFile; fileRef = 98D58140263745BB000EEA13 /* MovieListViewController+UI.swift */; };
		98D58146263745CA000EEA13 /* MovieListViewModel.swift in Sources */ = {isa = PBXBuildFile; fileRef = 98D58145263745CA000EEA13 /* MovieListViewModel.swift */; };
		98D5814F263747A3000EEA13 /* MovieListViewController+TableView.swift in Sources */ = {isa = PBXBuildFile; fileRef = 98D5814E263747A3000EEA13 /* MovieListViewController+TableView.swift */; };
		98D58158263747FA000EEA13 /* MovieTableViewCell.swift in Sources */ = {isa = PBXBuildFile; fileRef = 98D58156263747FA000EEA13 /* MovieTableViewCell.swift */; };
		98D58159263747FA000EEA13 /* MovieTableViewCell.xib in Resources */ = {isa = PBXBuildFile; fileRef = 98D58157263747FA000EEA13 /* MovieTableViewCell.xib */; };
		98D581622637483E000EEA13 /* UITableViewExtension.swift in Sources */ = {isa = PBXBuildFile; fileRef = 98D581612637483E000EEA13 /* UITableViewExtension.swift */; };
		98D581672637CCB6000EEA13 /* MovieList.swift in Sources */ = {isa = PBXBuildFile; fileRef = 98D581662637CCB6000EEA13 /* MovieList.swift */; };
		98D5816C2637CD3E000EEA13 /* MovieRouter.swift in Sources */ = {isa = PBXBuildFile; fileRef = 98D5816B2637CD3E000EEA13 /* MovieRouter.swift */; };
		98D581712637CD4F000EEA13 /* MovieConfiguration.swift in Sources */ = {isa = PBXBuildFile; fileRef = 98D581702637CD4F000EEA13 /* MovieConfiguration.swift */; };
		98D581F22637E6EE000EEA13 /* CustomButton.swift in Sources */ = {isa = PBXBuildFile; fileRef = 98D581F12637E6EE000EEA13 /* CustomButton.swift */; };
		9D6C4E106A37EACCD1588540 /* Pods_BookMyShowDemoTests.framework in Frameworks */ = {isa = PBXBuildFile; fileRef = 9BDC5417D637681D1D3A9762 /* Pods_BookMyShowDemoTests.framework */; };
		B3EB8F9012EA58DED58951BE /* Pods_BookMyShowDemo.framework in Frameworks */ = {isa = PBXBuildFile; fileRef = BA6FA4F303E78E08C8BBB2AE /* Pods_BookMyShowDemo.framework */; };
/* End PBXBuildFile section */

/* Begin PBXContainerItemProxy section */
		98D580B526354647000EEA13 /* PBXContainerItemProxy */ = {
			isa = PBXContainerItemProxy;
			containerPortal = 98D5809626354646000EEA13 /* Project object */;
			proxyType = 1;
			remoteGlobalIDString = 98D5809D26354646000EEA13;
			remoteInfo = BookMyShowDemo;
		};
		98D580C026354647000EEA13 /* PBXContainerItemProxy */ = {
			isa = PBXContainerItemProxy;
			containerPortal = 98D5809626354646000EEA13 /* Project object */;
			proxyType = 1;
			remoteGlobalIDString = 98D5809D26354646000EEA13;
			remoteInfo = BookMyShowDemo;
		};
/* End PBXContainerItemProxy section */

/* Begin PBXFileReference section */
		1470CE3822F8BF241FCEE7F9 /* Pods-BookMyShowDemo-BookMyShowDemoUITests.buildconfig.xcconfig */ = {isa = PBXFileReference; includeInIndex = 1; lastKnownFileType = text.xcconfig; name = "Pods-BookMyShowDemo-BookMyShowDemoUITests.buildconfig.xcconfig"; path = "Target Support Files/Pods-BookMyShowDemo-BookMyShowDemoUITests/Pods-BookMyShowDemo-BookMyShowDemoUITests.buildconfig.xcconfig"; sourceTree = "<group>"; };
		32066D94EEC1A7C53B0EEE4A /* Pods-BookMyShowDemo.debug.xcconfig */ = {isa = PBXFileReference; includeInIndex = 1; lastKnownFileType = text.xcconfig; name = "Pods-BookMyShowDemo.debug.xcconfig"; path = "Target Support Files/Pods-BookMyShowDemo/Pods-BookMyShowDemo.debug.xcconfig"; sourceTree = "<group>"; };
		419282A2B1724A5711B15A5B /* Pods-BookMyShowDemo.release.xcconfig */ = {isa = PBXFileReference; includeInIndex = 1; lastKnownFileType = text.xcconfig; name = "Pods-BookMyShowDemo.release.xcconfig"; path = "Target Support Files/Pods-BookMyShowDemo/Pods-BookMyShowDemo.release.xcconfig"; sourceTree = "<group>"; };
		4ED835B27388FFBD0E01DF61 /* Pods-BookMyShowDemoTests.release.xcconfig */ = {isa = PBXFileReference; includeInIndex = 1; lastKnownFileType = text.xcconfig; name = "Pods-BookMyShowDemoTests.release.xcconfig"; path = "Target Support Files/Pods-BookMyShowDemoTests/Pods-BookMyShowDemoTests.release.xcconfig"; sourceTree = "<group>"; };
		5D016EE7D628B97783C92072 /* Pods-BookMyShowDemo-BookMyShowDemoUITests.debug.xcconfig */ = {isa = PBXFileReference; includeInIndex = 1; lastKnownFileType = text.xcconfig; name = "Pods-BookMyShowDemo-BookMyShowDemoUITests.debug.xcconfig"; path = "Target Support Files/Pods-BookMyShowDemo-BookMyShowDemoUITests/Pods-BookMyShowDemo-BookMyShowDemoUITests.debug.xcconfig"; sourceTree = "<group>"; };
		6A50F6AC939C505EA01D6B1A /* Pods-BookMyShowDemoTests.debug.xcconfig */ = {isa = PBXFileReference; includeInIndex = 1; lastKnownFileType = text.xcconfig; name = "Pods-BookMyShowDemoTests.debug.xcconfig"; path = "Target Support Files/Pods-BookMyShowDemoTests/Pods-BookMyShowDemoTests.debug.xcconfig"; sourceTree = "<group>"; };
		98D5809E26354646000EEA13 /* BookMyShowDemo.app */ = {isa = PBXFileReference; explicitFileType = wrapper.application; includeInIndex = 0; path = BookMyShowDemo.app; sourceTree = BUILT_PRODUCTS_DIR; };
		98D580A126354646000EEA13 /* AppDelegate.swift */ = {isa = PBXFileReference; lastKnownFileType = sourcecode.swift; path = AppDelegate.swift; sourceTree = "<group>"; };
		98D580A326354646000EEA13 /* SceneDelegate.swift */ = {isa = PBXFileReference; lastKnownFileType = sourcecode.swift; path = SceneDelegate.swift; sourceTree = "<group>"; };
		98D580AA26354647000EEA13 /* Assets.xcassets */ = {isa = PBXFileReference; lastKnownFileType = folder.assetcatalog; path = Assets.xcassets; sourceTree = "<group>"; };
		98D580AD26354647000EEA13 /* Base */ = {isa = PBXFileReference; lastKnownFileType = file.storyboard; name = Base; path = Base.lproj/LaunchScreen.storyboard; sourceTree = "<group>"; };
		98D580AF26354647000EEA13 /* Info.plist */ = {isa = PBXFileReference; lastKnownFileType = text.plist.xml; path = Info.plist; sourceTree = "<group>"; };
		98D580B426354647000EEA13 /* BookMyShowDemoTests.xctest */ = {isa = PBXFileReference; explicitFileType = wrapper.cfbundle; includeInIndex = 0; path = BookMyShowDemoTests.xctest; sourceTree = BUILT_PRODUCTS_DIR; };
		98D580B826354647000EEA13 /* BookMyShowDemoTests.swift */ = {isa = PBXFileReference; lastKnownFileType = sourcecode.swift; path = BookMyShowDemoTests.swift; sourceTree = "<group>"; };
		98D580BA26354647000EEA13 /* Info.plist */ = {isa = PBXFileReference; lastKnownFileType = text.plist.xml; path = Info.plist; sourceTree = "<group>"; };
		98D580BF26354647000EEA13 /* BookMyShowDemoUITests.xctest */ = {isa = PBXFileReference; explicitFileType = wrapper.cfbundle; includeInIndex = 0; path = BookMyShowDemoUITests.xctest; sourceTree = BUILT_PRODUCTS_DIR; };
		98D580C326354647000EEA13 /* BookMyShowDemoUITests.swift */ = {isa = PBXFileReference; lastKnownFileType = sourcecode.swift; path = BookMyShowDemoUITests.swift; sourceTree = "<group>"; };
		98D580C526354647000EEA13 /* Info.plist */ = {isa = PBXFileReference; lastKnownFileType = text.plist.xml; path = Info.plist; sourceTree = "<group>"; };
		98D580DE2637395F000EEA13 /* APIClient.swift */ = {isa = PBXFileReference; lastKnownFileType = sourcecode.swift; path = APIClient.swift; sourceTree = "<group>"; };
		98D580E326373976000EEA13 /* APIConfiguration.swift */ = {isa = PBXFileReference; lastKnownFileType = sourcecode.swift; path = APIConfiguration.swift; sourceTree = "<group>"; };
		98D580EC26373A85000EEA13 /* ErrorResponse.swift */ = {isa = PBXFileReference; lastKnownFileType = sourcecode.swift; path = ErrorResponse.swift; sourceTree = "<group>"; };
		98D580F526373B2B000EEA13 /* Constants.swift */ = {isa = PBXFileReference; lastKnownFileType = sourcecode.swift; path = Constants.swift; sourceTree = "<group>"; };
		98D580FE26373BA5000EEA13 /* Extensions.swift */ = {isa = PBXFileReference; lastKnownFileType = sourcecode.swift; path = Extensions.swift; sourceTree = "<group>"; };
		98D5811626374070000EEA13 /* NetworkConstants.swift */ = {isa = PBXFileReference; lastKnownFileType = sourcecode.swift; path = NetworkConstants.swift; sourceTree = "<group>"; };
		98D5812526374276000EEA13 /* Movie.storyboard */ = {isa = PBXFileReference; lastKnownFileType = file.storyboard; path = Movie.storyboard; sourceTree = "<group>"; };
		98D5812A26374288000EEA13 /* MovieStoryboard.swift */ = {isa = PBXFileReference; lastKnownFileType = sourcecode.swift; path = MovieStoryboard.swift; sourceTree = "<group>"; };
		98D5812F263742C7000EEA13 /* StoryboardRouter.swift */ = {isa = PBXFileReference; lastKnownFileType = sourcecode.swift; path = StoryboardRouter.swift; sourceTree = "<group>"; };
		98D5813B26374407000EEA13 /* MovieListViewController.swift */ = {isa = PBXFileReference; lastKnownFileType = sourcecode.swift; path = MovieListViewController.swift; sourceTree = "<group>"; };
		98D58140263745BB000EEA13 /* MovieListViewController+UI.swift */ = {isa = PBXFileReference; lastKnownFileType = sourcecode.swift; path = "MovieListViewController+UI.swift"; sourceTree = "<group>"; };
		98D58145263745CA000EEA13 /* MovieListViewModel.swift */ = {isa = PBXFileReference; lastKnownFileType = sourcecode.swift; path = MovieListViewModel.swift; sourceTree = "<group>"; };
		98D5814E263747A3000EEA13 /* MovieListViewController+TableView.swift */ = {isa = PBXFileReference; lastKnownFileType = sourcecode.swift; path = "MovieListViewController+TableView.swift"; sourceTree = "<group>"; };
		98D58156263747FA000EEA13 /* MovieTableViewCell.swift */ = {isa = PBXFileReference; lastKnownFileType = sourcecode.swift; path = MovieTableViewCell.swift; sourceTree = "<group>"; };
		98D58157263747FA000EEA13 /* MovieTableViewCell.xib */ = {isa = PBXFileReference; lastKnownFileType = file.xib; path = MovieTableViewCell.xib; sourceTree = "<group>"; };
		98D581612637483E000EEA13 /* UITableViewExtension.swift */ = {isa = PBXFileReference; lastKnownFileType = sourcecode.swift; path = UITableViewExtension.swift; sourceTree = "<group>"; };
		98D581662637CCB6000EEA13 /* MovieList.swift */ = {isa = PBXFileReference; lastKnownFileType = sourcecode.swift; path = MovieList.swift; sourceTree = "<group>"; };
		98D5816B2637CD3E000EEA13 /* MovieRouter.swift */ = {isa = PBXFileReference; lastKnownFileType = sourcecode.swift; path = MovieRouter.swift; sourceTree = "<group>"; };
		98D581702637CD4F000EEA13 /* MovieConfiguration.swift */ = {isa = PBXFileReference; lastKnownFileType = sourcecode.swift; path = MovieConfiguration.swift; sourceTree = "<group>"; };
		98D581F12637E6EE000EEA13 /* CustomButton.swift */ = {isa = PBXFileReference; lastKnownFileType = sourcecode.swift; path = CustomButton.swift; sourceTree = "<group>"; };
		9BDC5417D637681D1D3A9762 /* Pods_BookMyShowDemoTests.framework */ = {isa = PBXFileReference; explicitFileType = wrapper.framework; includeInIndex = 0; path = Pods_BookMyShowDemoTests.framework; sourceTree = BUILT_PRODUCTS_DIR; };
		AE064F3B92A71568D68194D3 /* Pods_BookMyShowDemo_BookMyShowDemoUITests.framework */ = {isa = PBXFileReference; explicitFileType = wrapper.framework; includeInIndex = 0; path = Pods_BookMyShowDemo_BookMyShowDemoUITests.framework; sourceTree = BUILT_PRODUCTS_DIR; };
		BA6FA4F303E78E08C8BBB2AE /* Pods_BookMyShowDemo.framework */ = {isa = PBXFileReference; explicitFileType = wrapper.framework; includeInIndex = 0; path = Pods_BookMyShowDemo.framework; sourceTree = BUILT_PRODUCTS_DIR; };
		C11206E37DBEC69378EA5678 /* Pods-BookMyShowDemoTests.buildconfig.xcconfig */ = {isa = PBXFileReference; includeInIndex = 1; lastKnownFileType = text.xcconfig; name = "Pods-BookMyShowDemoTests.buildconfig.xcconfig"; path = "Target Support Files/Pods-BookMyShowDemoTests/Pods-BookMyShowDemoTests.buildconfig.xcconfig"; sourceTree = "<group>"; };
		C14FA9E9B4CEC8CE8D184C73 /* Pods-BookMyShowDemo-BookMyShowDemoUITests.release.xcconfig */ = {isa = PBXFileReference; includeInIndex = 1; lastKnownFileType = text.xcconfig; name = "Pods-BookMyShowDemo-BookMyShowDemoUITests.release.xcconfig"; path = "Target Support Files/Pods-BookMyShowDemo-BookMyShowDemoUITests/Pods-BookMyShowDemo-BookMyShowDemoUITests.release.xcconfig"; sourceTree = "<group>"; };
		F202ECF7DFCEA4604D3FD6B9 /* Pods-BookMyShowDemo.buildconfig.xcconfig */ = {isa = PBXFileReference; includeInIndex = 1; lastKnownFileType = text.xcconfig; name = "Pods-BookMyShowDemo.buildconfig.xcconfig"; path = "Target Support Files/Pods-BookMyShowDemo/Pods-BookMyShowDemo.buildconfig.xcconfig"; sourceTree = "<group>"; };
/* End PBXFileReference section */

/* Begin PBXFrameworksBuildPhase section */
		98D5809B26354646000EEA13 /* Frameworks */ = {
			isa = PBXFrameworksBuildPhase;
			buildActionMask = 2147483647;
			files = (
				B3EB8F9012EA58DED58951BE /* Pods_BookMyShowDemo.framework in Frameworks */,
			);
			runOnlyForDeploymentPostprocessing = 0;
		};
		98D580B126354647000EEA13 /* Frameworks */ = {
			isa = PBXFrameworksBuildPhase;
			buildActionMask = 2147483647;
			files = (
				9D6C4E106A37EACCD1588540 /* Pods_BookMyShowDemoTests.framework in Frameworks */,
			);
			runOnlyForDeploymentPostprocessing = 0;
		};
		98D580BC26354647000EEA13 /* Frameworks */ = {
			isa = PBXFrameworksBuildPhase;
			buildActionMask = 2147483647;
			files = (
				68672C0D1F9CF67CB5CE652C /* Pods_BookMyShowDemo_BookMyShowDemoUITests.framework in Frameworks */,
			);
			runOnlyForDeploymentPostprocessing = 0;
		};
/* End PBXFrameworksBuildPhase section */

/* Begin PBXGroup section */
		98D5809526354646000EEA13 = {
			isa = PBXGroup;
			children = (
				98D580A026354646000EEA13 /* BookMyShowDemo */,
				98D580B726354647000EEA13 /* BookMyShowDemoTests */,
				98D580C226354647000EEA13 /* BookMyShowDemoUITests */,
				98D5809F26354646000EEA13 /* Products */,
				D617C0C66D0569D63CB7BEF9 /* Pods */,
				EC84CE2A1CC00CBA6E80B2D9 /* Frameworks */,
			);
			sourceTree = "<group>";
		};
		98D5809F26354646000EEA13 /* Products */ = {
			isa = PBXGroup;
			children = (
				98D5809E26354646000EEA13 /* BookMyShowDemo.app */,
				98D580B426354647000EEA13 /* BookMyShowDemoTests.xctest */,
				98D580BF26354647000EEA13 /* BookMyShowDemoUITests.xctest */,
			);
			name = Products;
			sourceTree = "<group>";
		};
		98D580A026354646000EEA13 /* BookMyShowDemo */ = {
			isa = PBXGroup;
			children = (
				98D580AF26354647000EEA13 /* Info.plist */,
				98D5810D26373E1F000EEA13 /* AppDelegate */,
				98D5811226373E3D000EEA13 /* Stories */,
				98D5811126373E31000EEA13 /* Resources */,
				98D580E826373A61000EEA13 /* Network */,
				98D580F126373A8A000EEA13 /* Model */,
				98D580FA26373B30000EEA13 /* Common */,
			);
			path = BookMyShowDemo;
			sourceTree = "<group>";
		};
		98D580B726354647000EEA13 /* BookMyShowDemoTests */ = {
			isa = PBXGroup;
			children = (
				98D580B826354647000EEA13 /* BookMyShowDemoTests.swift */,
				98D580BA26354647000EEA13 /* Info.plist */,
			);
			path = BookMyShowDemoTests;
			sourceTree = "<group>";
		};
		98D580C226354647000EEA13 /* BookMyShowDemoUITests */ = {
			isa = PBXGroup;
			children = (
				98D580C326354647000EEA13 /* BookMyShowDemoUITests.swift */,
				98D580C526354647000EEA13 /* Info.plist */,
			);
			path = BookMyShowDemoUITests;
			sourceTree = "<group>";
		};
		98D580E826373A61000EEA13 /* Network */ = {
			isa = PBXGroup;
			children = (
				98D580DE2637395F000EEA13 /* APIClient.swift */,
				98D580E326373976000EEA13 /* APIConfiguration.swift */,
				98D581752637CD57000EEA13 /* Movie */,
			);
			path = Network;
			sourceTree = "<group>";
		};
		98D580F126373A8A000EEA13 /* Model */ = {
			isa = PBXGroup;
			children = (
				98D580EC26373A85000EEA13 /* ErrorResponse.swift */,
				98D581662637CCB6000EEA13 /* MovieList.swift */,
			);
			path = Model;
			sourceTree = "<group>";
		};
		98D580FA26373B30000EEA13 /* Common */ = {
			isa = PBXGroup;
			children = (
				98D580F526373B2B000EEA13 /* Constants.swift */,
				98D580FE26373BA5000EEA13 /* Extensions.swift */,
				98D5811626374070000EEA13 /* NetworkConstants.swift */,
				98D5812F263742C7000EEA13 /* StoryboardRouter.swift */,
				98D581612637483E000EEA13 /* UITableViewExtension.swift */,
				98D581F12637E6EE000EEA13 /* CustomButton.swift */,
			);
			path = Common;
			sourceTree = "<group>";
		};
		98D5810D26373E1F000EEA13 /* AppDelegate */ = {
			isa = PBXGroup;
			children = (
				98D580A126354646000EEA13 /* AppDelegate.swift */,
				98D580A326354646000EEA13 /* SceneDelegate.swift */,
			);
			path = AppDelegate;
			sourceTree = "<group>";
		};
		98D5811126373E31000EEA13 /* Resources */ = {
			isa = PBXGroup;
			children = (
				98D580AA26354647000EEA13 /* Assets.xcassets */,
				98D580AC26354647000EEA13 /* LaunchScreen.storyboard */,
			);
			path = Resources;
			sourceTree = "<group>";
		};
		98D5811226373E3D000EEA13 /* Stories */ = {
			isa = PBXGroup;
			children = (
				98D58137263743DD000EEA13 /* Movie */,
			);
			path = Stories;
			sourceTree = "<group>";
		};
		98D58137263743DD000EEA13 /* Movie */ = {
			isa = PBXGroup;
			children = (
				98D5812526374276000EEA13 /* Movie.storyboard */,
				98D5812A26374288000EEA13 /* MovieStoryboard.swift */,
				98D5814A263745D5000EEA13 /* MovieList */,
			);
			path = Movie;
			sourceTree = "<group>";
		};
		98D5814A263745D5000EEA13 /* MovieList */ = {
			isa = PBXGroup;
			children = (
				98D5813B26374407000EEA13 /* MovieListViewController.swift */,
				98D58140263745BB000EEA13 /* MovieListViewController+UI.swift */,
				98D58145263745CA000EEA13 /* MovieListViewModel.swift */,
				98D5814E263747A3000EEA13 /* MovieListViewController+TableView.swift */,
				98D5815D26374803000EEA13 /* MovieTableViewCell */,
			);
			path = MovieList;
			sourceTree = "<group>";
		};
		98D5815D26374803000EEA13 /* MovieTableViewCell */ = {
			isa = PBXGroup;
			children = (
				98D58156263747FA000EEA13 /* MovieTableViewCell.swift */,
				98D58157263747FA000EEA13 /* MovieTableViewCell.xib */,
			);
			path = MovieTableViewCell;
			sourceTree = "<group>";
		};
		98D581752637CD57000EEA13 /* Movie */ = {
			isa = PBXGroup;
			children = (
				98D5816B2637CD3E000EEA13 /* MovieRouter.swift */,
				98D581702637CD4F000EEA13 /* MovieConfiguration.swift */,
			);
			path = Movie;
			sourceTree = "<group>";
		};
		D617C0C66D0569D63CB7BEF9 /* Pods */ = {
			isa = PBXGroup;
			children = (
				32066D94EEC1A7C53B0EEE4A /* Pods-BookMyShowDemo.debug.xcconfig */,
				419282A2B1724A5711B15A5B /* Pods-BookMyShowDemo.release.xcconfig */,
				5D016EE7D628B97783C92072 /* Pods-BookMyShowDemo-BookMyShowDemoUITests.debug.xcconfig */,
				C14FA9E9B4CEC8CE8D184C73 /* Pods-BookMyShowDemo-BookMyShowDemoUITests.release.xcconfig */,
				6A50F6AC939C505EA01D6B1A /* Pods-BookMyShowDemoTests.debug.xcconfig */,
				4ED835B27388FFBD0E01DF61 /* Pods-BookMyShowDemoTests.release.xcconfig */,
				F202ECF7DFCEA4604D3FD6B9 /* Pods-BookMyShowDemo.buildconfig.xcconfig */,
				1470CE3822F8BF241FCEE7F9 /* Pods-BookMyShowDemo-BookMyShowDemoUITests.buildconfig.xcconfig */,
				C11206E37DBEC69378EA5678 /* Pods-BookMyShowDemoTests.buildconfig.xcconfig */,
			);
			path = Pods;
			sourceTree = "<group>";
		};
		EC84CE2A1CC00CBA6E80B2D9 /* Frameworks */ = {
			isa = PBXGroup;
			children = (
				BA6FA4F303E78E08C8BBB2AE /* Pods_BookMyShowDemo.framework */,
				AE064F3B92A71568D68194D3 /* Pods_BookMyShowDemo_BookMyShowDemoUITests.framework */,
				9BDC5417D637681D1D3A9762 /* Pods_BookMyShowDemoTests.framework */,
			);
			name = Frameworks;
			sourceTree = "<group>";
		};
/* End PBXGroup section */

/* Begin PBXNativeTarget section */
		98D5809D26354646000EEA13 /* BookMyShowDemo */ = {
			isa = PBXNativeTarget;
			buildConfigurationList = 98D580C826354647000EEA13 /* Build configuration list for PBXNativeTarget "BookMyShowDemo" */;
			buildPhases = (
				1828FC2E5A8AE36B19CEA637 /* [CP] Check Pods Manifest.lock */,
				98D5809A26354646000EEA13 /* Sources */,
				98D5809B26354646000EEA13 /* Frameworks */,
				98D5809C26354646000EEA13 /* Resources */,
				91B87D4AFBF6FFC8D3A54631 /* [CP] Embed Pods Frameworks */,
			);
			buildRules = (
			);
			dependencies = (
			);
			name = BookMyShowDemo;
			productName = BookMyShowDemo;
			productReference = 98D5809E26354646000EEA13 /* BookMyShowDemo.app */;
			productType = "com.apple.product-type.application";
		};
		98D580B326354647000EEA13 /* BookMyShowDemoTests */ = {
			isa = PBXNativeTarget;
			buildConfigurationList = 98D580CB26354647000EEA13 /* Build configuration list for PBXNativeTarget "BookMyShowDemoTests" */;
			buildPhases = (
				2BDA320EACB219FCEE96DD21 /* [CP] Check Pods Manifest.lock */,
				98D580B026354647000EEA13 /* Sources */,
				98D580B126354647000EEA13 /* Frameworks */,
				98D580B226354647000EEA13 /* Resources */,
			);
			buildRules = (
			);
			dependencies = (
				98D580B626354647000EEA13 /* PBXTargetDependency */,
			);
			name = BookMyShowDemoTests;
			productName = BookMyShowDemoTests;
			productReference = 98D580B426354647000EEA13 /* BookMyShowDemoTests.xctest */;
			productType = "com.apple.product-type.bundle.unit-test";
		};
		98D580BE26354647000EEA13 /* BookMyShowDemoUITests */ = {
			isa = PBXNativeTarget;
			buildConfigurationList = 98D580CE26354647000EEA13 /* Build configuration list for PBXNativeTarget "BookMyShowDemoUITests" */;
			buildPhases = (
				5E96D2E65BFD1818D51EF4F5 /* [CP] Check Pods Manifest.lock */,
				98D580BB26354647000EEA13 /* Sources */,
				98D580BC26354647000EEA13 /* Frameworks */,
				98D580BD26354647000EEA13 /* Resources */,
				3DBB5A6BD4A48F70BF53123C /* [CP] Embed Pods Frameworks */,
			);
			buildRules = (
			);
			dependencies = (
				98D580C126354647000EEA13 /* PBXTargetDependency */,
			);
			name = BookMyShowDemoUITests;
			productName = BookMyShowDemoUITests;
			productReference = 98D580BF26354647000EEA13 /* BookMyShowDemoUITests.xctest */;
			productType = "com.apple.product-type.bundle.ui-testing";
		};
/* End PBXNativeTarget section */

/* Begin PBXProject section */
		98D5809626354646000EEA13 /* Project object */ = {
			isa = PBXProject;
			attributes = {
				LastSwiftUpdateCheck = 1240;
				LastUpgradeCheck = 1240;
				TargetAttributes = {
					98D5809D26354646000EEA13 = {
						CreatedOnToolsVersion = 12.4;
					};
					98D580B326354647000EEA13 = {
						CreatedOnToolsVersion = 12.4;
						TestTargetID = 98D5809D26354646000EEA13;
					};
					98D580BE26354647000EEA13 = {
						CreatedOnToolsVersion = 12.4;
						TestTargetID = 98D5809D26354646000EEA13;
					};
				};
			};
			buildConfigurationList = 98D5809926354646000EEA13 /* Build configuration list for PBXProject "BookMyShowDemo" */;
			compatibilityVersion = "Xcode 9.3";
			developmentRegion = en;
			hasScannedForEncodings = 0;
			knownRegions = (
				en,
				Base,
			);
			mainGroup = 98D5809526354646000EEA13;
			productRefGroup = 98D5809F26354646000EEA13 /* Products */;
			projectDirPath = "";
			projectRoot = "";
			targets = (
				98D5809D26354646000EEA13 /* BookMyShowDemo */,
				98D580B326354647000EEA13 /* BookMyShowDemoTests */,
				98D580BE26354647000EEA13 /* BookMyShowDemoUITests */,
			);
		};
/* End PBXProject section */

/* Begin PBXResourcesBuildPhase section */
		98D5809C26354646000EEA13 /* Resources */ = {
			isa = PBXResourcesBuildPhase;
			buildActionMask = 2147483647;
			files = (
				98D580AE26354647000EEA13 /* LaunchScreen.storyboard in Resources */,
				98D580AB26354647000EEA13 /* Assets.xcassets in Resources */,
				98D58159263747FA000EEA13 /* MovieTableViewCell.xib in Resources */,
				98D5812626374276000EEA13 /* Movie.storyboard in Resources */,
			);
			runOnlyForDeploymentPostprocessing = 0;
		};
		98D580B226354647000EEA13 /* Resources */ = {
			isa = PBXResourcesBuildPhase;
			buildActionMask = 2147483647;
			files = (
			);
			runOnlyForDeploymentPostprocessing = 0;
		};
		98D580BD26354647000EEA13 /* Resources */ = {
			isa = PBXResourcesBuildPhase;
			buildActionMask = 2147483647;
			files = (
			);
			runOnlyForDeploymentPostprocessing = 0;
		};
/* End PBXResourcesBuildPhase section */

/* Begin PBXShellScriptBuildPhase section */
		1828FC2E5A8AE36B19CEA637 /* [CP] Check Pods Manifest.lock */ = {
			isa = PBXShellScriptBuildPhase;
			buildActionMask = 2147483647;
			files = (
			);
			inputFileListPaths = (
			);
			inputPaths = (
				"${PODS_PODFILE_DIR_PATH}/Podfile.lock",
				"${PODS_ROOT}/Manifest.lock",
			);
			name = "[CP] Check Pods Manifest.lock";
			outputFileListPaths = (
			);
			outputPaths = (
				"$(DERIVED_FILE_DIR)/Pods-BookMyShowDemo-checkManifestLockResult.txt",
			);
			runOnlyForDeploymentPostprocessing = 0;
			shellPath = /bin/sh;
			shellScript = "diff \"${PODS_PODFILE_DIR_PATH}/Podfile.lock\" \"${PODS_ROOT}/Manifest.lock\" > /dev/null\nif [ $? != 0 ] ; then\n    # print error to STDERR\n    echo \"error: The sandbox is not in sync with the Podfile.lock. Run 'pod install' or update your CocoaPods installation.\" >&2\n    exit 1\nfi\n# This output is used by Xcode 'outputs' to avoid re-running this script phase.\necho \"SUCCESS\" > \"${SCRIPT_OUTPUT_FILE_0}\"\n";
			showEnvVarsInLog = 0;
		};
		2BDA320EACB219FCEE96DD21 /* [CP] Check Pods Manifest.lock */ = {
			isa = PBXShellScriptBuildPhase;
			buildActionMask = 2147483647;
			files = (
			);
			inputFileListPaths = (
			);
			inputPaths = (
				"${PODS_PODFILE_DIR_PATH}/Podfile.lock",
				"${PODS_ROOT}/Manifest.lock",
			);
			name = "[CP] Check Pods Manifest.lock";
			outputFileListPaths = (
			);
			outputPaths = (
				"$(DERIVED_FILE_DIR)/Pods-BookMyShowDemoTests-checkManifestLockResult.txt",
			);
			runOnlyForDeploymentPostprocessing = 0;
			shellPath = /bin/sh;
			shellScript = "diff \"${PODS_PODFILE_DIR_PATH}/Podfile.lock\" \"${PODS_ROOT}/Manifest.lock\" > /dev/null\nif [ $? != 0 ] ; then\n    # print error to STDERR\n    echo \"error: The sandbox is not in sync with the Podfile.lock. Run 'pod install' or update your CocoaPods installation.\" >&2\n    exit 1\nfi\n# This output is used by Xcode 'outputs' to avoid re-running this script phase.\necho \"SUCCESS\" > \"${SCRIPT_OUTPUT_FILE_0}\"\n";
			showEnvVarsInLog = 0;
		};
		3DBB5A6BD4A48F70BF53123C /* [CP] Embed Pods Frameworks */ = {
			isa = PBXShellScriptBuildPhase;
			buildActionMask = 2147483647;
			files = (
			);
			inputFileListPaths = (
				"${PODS_ROOT}/Target Support Files/Pods-BookMyShowDemo-BookMyShowDemoUITests/Pods-BookMyShowDemo-BookMyShowDemoUITests-frameworks-${CONFIGURATION}-input-files.xcfilelist",
			);
			name = "[CP] Embed Pods Frameworks";
			outputFileListPaths = (
				"${PODS_ROOT}/Target Support Files/Pods-BookMyShowDemo-BookMyShowDemoUITests/Pods-BookMyShowDemo-BookMyShowDemoUITests-frameworks-${CONFIGURATION}-output-files.xcfilelist",
			);
			runOnlyForDeploymentPostprocessing = 0;
			shellPath = /bin/sh;
			shellScript = "\"${PODS_ROOT}/Target Support Files/Pods-BookMyShowDemo-BookMyShowDemoUITests/Pods-BookMyShowDemo-BookMyShowDemoUITests-frameworks.sh\"\n";
			showEnvVarsInLog = 0;
		};
		5E96D2E65BFD1818D51EF4F5 /* [CP] Check Pods Manifest.lock */ = {
			isa = PBXShellScriptBuildPhase;
			buildActionMask = 2147483647;
			files = (
			);
			inputFileListPaths = (
			);
			inputPaths = (
				"${PODS_PODFILE_DIR_PATH}/Podfile.lock",
				"${PODS_ROOT}/Manifest.lock",
			);
			name = "[CP] Check Pods Manifest.lock";
			outputFileListPaths = (
			);
			outputPaths = (
				"$(DERIVED_FILE_DIR)/Pods-BookMyShowDemo-BookMyShowDemoUITests-checkManifestLockResult.txt",
			);
			runOnlyForDeploymentPostprocessing = 0;
			shellPath = /bin/sh;
			shellScript = "diff \"${PODS_PODFILE_DIR_PATH}/Podfile.lock\" \"${PODS_ROOT}/Manifest.lock\" > /dev/null\nif [ $? != 0 ] ; then\n    # print error to STDERR\n    echo \"error: The sandbox is not in sync with the Podfile.lock. Run 'pod install' or update your CocoaPods installation.\" >&2\n    exit 1\nfi\n# This output is used by Xcode 'outputs' to avoid re-running this script phase.\necho \"SUCCESS\" > \"${SCRIPT_OUTPUT_FILE_0}\"\n";
			showEnvVarsInLog = 0;
		};
		91B87D4AFBF6FFC8D3A54631 /* [CP] Embed Pods Frameworks */ = {
			isa = PBXShellScriptBuildPhase;
			buildActionMask = 2147483647;
			files = (
			);
			inputFileListPaths = (
				"${PODS_ROOT}/Target Support Files/Pods-BookMyShowDemo/Pods-BookMyShowDemo-frameworks-${CONFIGURATION}-input-files.xcfilelist",
			);
			name = "[CP] Embed Pods Frameworks";
			outputFileListPaths = (
				"${PODS_ROOT}/Target Support Files/Pods-BookMyShowDemo/Pods-BookMyShowDemo-frameworks-${CONFIGURATION}-output-files.xcfilelist",
			);
			runOnlyForDeploymentPostprocessing = 0;
			shellPath = /bin/sh;
			shellScript = "\"${PODS_ROOT}/Target Support Files/Pods-BookMyShowDemo/Pods-BookMyShowDemo-frameworks.sh\"\n";
			showEnvVarsInLog = 0;
		};
/* End PBXShellScriptBuildPhase section */

/* Begin PBXSourcesBuildPhase section */
		98D5809A26354646000EEA13 /* Sources */ = {
			isa = PBXSourcesBuildPhase;
			buildActionMask = 2147483647;
			files = (
				98D581672637CCB6000EEA13 /* MovieList.swift in Sources */,
				98D5811726374070000EEA13 /* NetworkConstants.swift in Sources */,
				98D581712637CD4F000EEA13 /* MovieConfiguration.swift in Sources */,
				98D580A226354646000EEA13 /* AppDelegate.swift in Sources */,
				98D581F22637E6EE000EEA13 /* CustomButton.swift in Sources */,
				98D5816C2637CD3E000EEA13 /* MovieRouter.swift in Sources */,
				98D58146263745CA000EEA13 /* MovieListViewModel.swift in Sources */,
				98D5813C26374407000EEA13 /* MovieListViewController.swift in Sources */,
				98D580E426373976000EEA13 /* APIConfiguration.swift in Sources */,
				98D58158263747FA000EEA13 /* MovieTableViewCell.swift in Sources */,
				98D580FF26373BA5000EEA13 /* Extensions.swift in Sources */,
				98D581622637483E000EEA13 /* UITableViewExtension.swift in Sources */,
				98D5814F263747A3000EEA13 /* MovieListViewController+TableView.swift in Sources */,
				98D580ED26373A85000EEA13 /* ErrorResponse.swift in Sources */,
				98D58130263742C7000EEA13 /* StoryboardRouter.swift in Sources */,
				98D580F626373B2B000EEA13 /* Constants.swift in Sources */,
				98D5812B26374288000EEA13 /* MovieStoryboard.swift in Sources */,
				98D58141263745BB000EEA13 /* MovieListViewController+UI.swift in Sources */,
				98D580A426354646000EEA13 /* SceneDelegate.swift in Sources */,
				98D580DF2637395F000EEA13 /* APIClient.swift in Sources */,
			);
			runOnlyForDeploymentPostprocessing = 0;
		};
		98D580B026354647000EEA13 /* Sources */ = {
			isa = PBXSourcesBuildPhase;
			buildActionMask = 2147483647;
			files = (
				98D580B926354647000EEA13 /* BookMyShowDemoTests.swift in Sources */,
			);
			runOnlyForDeploymentPostprocessing = 0;
		};
		98D580BB26354647000EEA13 /* Sources */ = {
			isa = PBXSourcesBuildPhase;
			buildActionMask = 2147483647;
			files = (
				98D580C426354647000EEA13 /* BookMyShowDemoUITests.swift in Sources */,
			);
			runOnlyForDeploymentPostprocessing = 0;
		};
/* End PBXSourcesBuildPhase section */

/* Begin PBXTargetDependency section */
		98D580B626354647000EEA13 /* PBXTargetDependency */ = {
			isa = PBXTargetDependency;
			target = 98D5809D26354646000EEA13 /* BookMyShowDemo */;
			targetProxy = 98D580B526354647000EEA13 /* PBXContainerItemProxy */;
		};
		98D580C126354647000EEA13 /* PBXTargetDependency */ = {
			isa = PBXTargetDependency;
			target = 98D5809D26354646000EEA13 /* BookMyShowDemo */;
			targetProxy = 98D580C026354647000EEA13 /* PBXContainerItemProxy */;
		};
/* End PBXTargetDependency section */

/* Begin PBXVariantGroup section */
		98D580AC26354647000EEA13 /* LaunchScreen.storyboard */ = {
			isa = PBXVariantGroup;
			children = (
				98D580AD26354647000EEA13 /* Base */,
			);
			name = LaunchScreen.storyboard;
			sourceTree = "<group>";
		};
/* End PBXVariantGroup section */

/* Begin XCBuildConfiguration section */
		98D580C626354647000EEA13 /* Debug */ = {
			isa = XCBuildConfiguration;
			buildSettings = {
				ALWAYS_SEARCH_USER_PATHS = NO;
				CLANG_ANALYZER_NONNULL = YES;
				CLANG_ANALYZER_NUMBER_OBJECT_CONVERSION = YES_AGGRESSIVE;
				CLANG_CXX_LANGUAGE_STANDARD = "gnu++14";
				CLANG_CXX_LIBRARY = "libc++";
				CLANG_ENABLE_MODULES = YES;
				CLANG_ENABLE_OBJC_ARC = YES;
				CLANG_ENABLE_OBJC_WEAK = YES;
				CLANG_WARN_BLOCK_CAPTURE_AUTORELEASING = YES;
				CLANG_WARN_BOOL_CONVERSION = YES;
				CLANG_WARN_COMMA = YES;
				CLANG_WARN_CONSTANT_CONVERSION = YES;
				CLANG_WARN_DEPRECATED_OBJC_IMPLEMENTATIONS = YES;
				CLANG_WARN_DIRECT_OBJC_ISA_USAGE = YES_ERROR;
				CLANG_WARN_DOCUMENTATION_COMMENTS = YES;
				CLANG_WARN_EMPTY_BODY = YES;
				CLANG_WARN_ENUM_CONVERSION = YES;
				CLANG_WARN_INFINITE_RECURSION = YES;
				CLANG_WARN_INT_CONVERSION = YES;
				CLANG_WARN_NON_LITERAL_NULL_CONVERSION = YES;
				CLANG_WARN_OBJC_IMPLICIT_RETAIN_SELF = YES;
				CLANG_WARN_OBJC_LITERAL_CONVERSION = YES;
				CLANG_WARN_OBJC_ROOT_CLASS = YES_ERROR;
				CLANG_WARN_QUOTED_INCLUDE_IN_FRAMEWORK_HEADER = YES;
				CLANG_WARN_RANGE_LOOP_ANALYSIS = YES;
				CLANG_WARN_STRICT_PROTOTYPES = YES;
				CLANG_WARN_SUSPICIOUS_MOVE = YES;
				CLANG_WARN_UNGUARDED_AVAILABILITY = YES_AGGRESSIVE;
				CLANG_WARN_UNREACHABLE_CODE = YES;
				CLANG_WARN__DUPLICATE_METHOD_MATCH = YES;
				COPY_PHASE_STRIP = NO;
				DEBUG_INFORMATION_FORMAT = dwarf;
				ENABLE_STRICT_OBJC_MSGSEND = YES;
				ENABLE_TESTABILITY = YES;
				GCC_C_LANGUAGE_STANDARD = gnu11;
				GCC_DYNAMIC_NO_PIC = NO;
				GCC_NO_COMMON_BLOCKS = YES;
				GCC_OPTIMIZATION_LEVEL = 0;
				GCC_PREPROCESSOR_DEFINITIONS = (
					"DEBUG=1",
					"$(inherited)",
				);
				GCC_WARN_64_TO_32_BIT_CONVERSION = YES;
				GCC_WARN_ABOUT_RETURN_TYPE = YES_ERROR;
				GCC_WARN_UNDECLARED_SELECTOR = YES;
				GCC_WARN_UNINITIALIZED_AUTOS = YES_AGGRESSIVE;
				GCC_WARN_UNUSED_FUNCTION = YES;
				GCC_WARN_UNUSED_VARIABLE = YES;
				IPHONEOS_DEPLOYMENT_TARGET = 14.4;
				MTL_ENABLE_DEBUG_INFO = INCLUDE_SOURCE;
				MTL_FAST_MATH = YES;
				ONLY_ACTIVE_ARCH = YES;
				SDKROOT = iphoneos;
				SWIFT_ACTIVE_COMPILATION_CONDITIONS = DEBUG;
				SWIFT_OPTIMIZATION_LEVEL = "-Onone";
			};
			name = Debug;
		};
		98D580C726354647000EEA13 /* Release */ = {
			isa = XCBuildConfiguration;
			buildSettings = {
				ALWAYS_SEARCH_USER_PATHS = NO;
				CLANG_ANALYZER_NONNULL = YES;
				CLANG_ANALYZER_NUMBER_OBJECT_CONVERSION = YES_AGGRESSIVE;
				CLANG_CXX_LANGUAGE_STANDARD = "gnu++14";
				CLANG_CXX_LIBRARY = "libc++";
				CLANG_ENABLE_MODULES = YES;
				CLANG_ENABLE_OBJC_ARC = YES;
				CLANG_ENABLE_OBJC_WEAK = YES;
				CLANG_WARN_BLOCK_CAPTURE_AUTORELEASING = YES;
				CLANG_WARN_BOOL_CONVERSION = YES;
				CLANG_WARN_COMMA = YES;
				CLANG_WARN_CONSTANT_CONVERSION = YES;
				CLANG_WARN_DEPRECATED_OBJC_IMPLEMENTATIONS = YES;
				CLANG_WARN_DIRECT_OBJC_ISA_USAGE = YES_ERROR;
				CLANG_WARN_DOCUMENTATION_COMMENTS = YES;
				CLANG_WARN_EMPTY_BODY = YES;
				CLANG_WARN_ENUM_CONVERSION = YES;
				CLANG_WARN_INFINITE_RECURSION = YES;
				CLANG_WARN_INT_CONVERSION = YES;
				CLANG_WARN_NON_LITERAL_NULL_CONVERSION = YES;
				CLANG_WARN_OBJC_IMPLICIT_RETAIN_SELF = YES;
				CLANG_WARN_OBJC_LITERAL_CONVERSION = YES;
				CLANG_WARN_OBJC_ROOT_CLASS = YES_ERROR;
				CLANG_WARN_QUOTED_INCLUDE_IN_FRAMEWORK_HEADER = YES;
				CLANG_WARN_RANGE_LOOP_ANALYSIS = YES;
				CLANG_WARN_STRICT_PROTOTYPES = YES;
				CLANG_WARN_SUSPICIOUS_MOVE = YES;
				CLANG_WARN_UNGUARDED_AVAILABILITY = YES_AGGRESSIVE;
				CLANG_WARN_UNREACHABLE_CODE = YES;
				CLANG_WARN__DUPLICATE_METHOD_MATCH = YES;
				COPY_PHASE_STRIP = NO;
				DEBUG_INFORMATION_FORMAT = "dwarf-with-dsym";
				ENABLE_NS_ASSERTIONS = NO;
				ENABLE_STRICT_OBJC_MSGSEND = YES;
				GCC_C_LANGUAGE_STANDARD = gnu11;
				GCC_NO_COMMON_BLOCKS = YES;
				GCC_WARN_64_TO_32_BIT_CONVERSION = YES;
				GCC_WARN_ABOUT_RETURN_TYPE = YES_ERROR;
				GCC_WARN_UNDECLARED_SELECTOR = YES;
				GCC_WARN_UNINITIALIZED_AUTOS = YES_AGGRESSIVE;
				GCC_WARN_UNUSED_FUNCTION = YES;
				GCC_WARN_UNUSED_VARIABLE = YES;
				IPHONEOS_DEPLOYMENT_TARGET = 14.4;
				MTL_ENABLE_DEBUG_INFO = NO;
				MTL_FAST_MATH = YES;
				SDKROOT = iphoneos;
				SWIFT_COMPILATION_MODE = wholemodule;
				SWIFT_OPTIMIZATION_LEVEL = "-O";
				VALIDATE_PRODUCT = YES;
			};
			name = Release;
		};
		98D580C926354647000EEA13 /* Debug */ = {
			isa = XCBuildConfiguration;
			baseConfigurationReference = 32066D94EEC1A7C53B0EEE4A /* Pods-BookMyShowDemo.debug.xcconfig */;
			buildSettings = {
				ASSETCATALOG_COMPILER_APPICON_NAME = AppIcon;
				ASSETCATALOG_COMPILER_GLOBAL_ACCENT_COLOR_NAME = AccentColor;
				CODE_SIGN_STYLE = Automatic;
				DEVELOPMENT_TEAM = Q2V548MZJ9;
				INFOPLIST_FILE = BookMyShowDemo/Info.plist;
				LD_RUNPATH_SEARCH_PATHS = (
					"$(inherited)",
					"@executable_path/Frameworks",
				);
				PRODUCT_BUNDLE_IDENTIFIER = com.akshay.BookMyShowDemo;
				PRODUCT_NAME = "$(TARGET_NAME)";
				SWIFT_VERSION = 5.0;
				TARGETED_DEVICE_FAMILY = "1,2";
			};
			name = Debug;
		};
		98D580CA26354647000EEA13 /* Release */ = {
			isa = XCBuildConfiguration;
			baseConfigurationReference = 419282A2B1724A5711B15A5B /* Pods-BookMyShowDemo.release.xcconfig */;
			buildSettings = {
				ASSETCATALOG_COMPILER_APPICON_NAME = AppIcon;
				ASSETCATALOG_COMPILER_GLOBAL_ACCENT_COLOR_NAME = AccentColor;
				CODE_SIGN_STYLE = Automatic;
				DEVELOPMENT_TEAM = Q2V548MZJ9;
				INFOPLIST_FILE = BookMyShowDemo/Info.plist;
				LD_RUNPATH_SEARCH_PATHS = (
					"$(inherited)",
					"@executable_path/Frameworks",
				);
				PRODUCT_BUNDLE_IDENTIFIER = com.akshay.BookMyShowDemo;
				PRODUCT_NAME = "$(TARGET_NAME)";
				SWIFT_VERSION = 5.0;
				TARGETED_DEVICE_FAMILY = "1,2";
			};
			name = Release;
		};
		98D580CC26354647000EEA13 /* Debug */ = {
			isa = XCBuildConfiguration;
			baseConfigurationReference = 6A50F6AC939C505EA01D6B1A /* Pods-BookMyShowDemoTests.debug.xcconfig */;
			buildSettings = {
				ALWAYS_EMBED_SWIFT_STANDARD_LIBRARIES = YES;
				BUNDLE_LOADER = "$(TEST_HOST)";
				CODE_SIGN_STYLE = Automatic;
				DEVELOPMENT_TEAM = Q2V548MZJ9;
				INFOPLIST_FILE = BookMyShowDemoTests/Info.plist;
				IPHONEOS_DEPLOYMENT_TARGET = 14.4;
				LD_RUNPATH_SEARCH_PATHS = (
					"$(inherited)",
					"@executable_path/Frameworks",
					"@loader_path/Frameworks",
				);
				PRODUCT_BUNDLE_IDENTIFIER = com.akshay.BookMyShowDemoTests;
				PRODUCT_NAME = "$(TARGET_NAME)";
				SWIFT_VERSION = 5.0;
				TARGETED_DEVICE_FAMILY = "1,2";
				TEST_HOST = "$(BUILT_PRODUCTS_DIR)/BookMyShowDemo.app/BookMyShowDemo";
			};
			name = Debug;
		};
		98D580CD26354647000EEA13 /* Release */ = {
			isa = XCBuildConfiguration;
			baseConfigurationReference = 4ED835B27388FFBD0E01DF61 /* Pods-BookMyShowDemoTests.release.xcconfig */;
			buildSettings = {
				ALWAYS_EMBED_SWIFT_STANDARD_LIBRARIES = YES;
				BUNDLE_LOADER = "$(TEST_HOST)";
				CODE_SIGN_STYLE = Automatic;
				DEVELOPMENT_TEAM = Q2V548MZJ9;
				INFOPLIST_FILE = BookMyShowDemoTests/Info.plist;
				IPHONEOS_DEPLOYMENT_TARGET = 14.4;
				LD_RUNPATH_SEARCH_PATHS = (
					"$(inherited)",
					"@executable_path/Frameworks",
					"@loader_path/Frameworks",
				);
				PRODUCT_BUNDLE_IDENTIFIER = com.akshay.BookMyShowDemoTests;
				PRODUCT_NAME = "$(TARGET_NAME)";
				SWIFT_VERSION = 5.0;
				TARGETED_DEVICE_FAMILY = "1,2";
				TEST_HOST = "$(BUILT_PRODUCTS_DIR)/BookMyShowDemo.app/BookMyShowDemo";
			};
			name = Release;
		};
		98D580CF26354647000EEA13 /* Debug */ = {
			isa = XCBuildConfiguration;
			baseConfigurationReference = 5D016EE7D628B97783C92072 /* Pods-BookMyShowDemo-BookMyShowDemoUITests.debug.xcconfig */;
			buildSettings = {
				ALWAYS_EMBED_SWIFT_STANDARD_LIBRARIES = YES;
				CODE_SIGN_STYLE = Automatic;
				DEVELOPMENT_TEAM = Q2V548MZJ9;
				INFOPLIST_FILE = BookMyShowDemoUITests/Info.plist;
				LD_RUNPATH_SEARCH_PATHS = (
					"$(inherited)",
					"@executable_path/Frameworks",
					"@loader_path/Frameworks",
				);
				PRODUCT_BUNDLE_IDENTIFIER = com.akshay.BookMyShowDemoUITests;
				PRODUCT_NAME = "$(TARGET_NAME)";
				SWIFT_VERSION = 5.0;
				TARGETED_DEVICE_FAMILY = "1,2";
				TEST_TARGET_NAME = BookMyShowDemo;
			};
			name = Debug;
		};
		98D580D026354647000EEA13 /* Release */ = {
			isa = XCBuildConfiguration;
			baseConfigurationReference = C14FA9E9B4CEC8CE8D184C73 /* Pods-BookMyShowDemo-BookMyShowDemoUITests.release.xcconfig */;
			buildSettings = {
				ALWAYS_EMBED_SWIFT_STANDARD_LIBRARIES = YES;
				CODE_SIGN_STYLE = Automatic;
				DEVELOPMENT_TEAM = Q2V548MZJ9;
				INFOPLIST_FILE = BookMyShowDemoUITests/Info.plist;
				LD_RUNPATH_SEARCH_PATHS = (
					"$(inherited)",
					"@executable_path/Frameworks",
					"@loader_path/Frameworks",
				);
				PRODUCT_BUNDLE_IDENTIFIER = com.akshay.BookMyShowDemoUITests;
				PRODUCT_NAME = "$(TARGET_NAME)";
				SWIFT_VERSION = 5.0;
				TARGETED_DEVICE_FAMILY = "1,2";
				TEST_TARGET_NAME = BookMyShowDemo;
			};
			name = Release;
		};
/* End XCBuildConfiguration section */

/* Begin XCConfigurationList section */
		98D5809926354646000EEA13 /* Build configuration list for PBXProject "BookMyShowDemo" */ = {
			isa = XCConfigurationList;
			buildConfigurations = (
				98D580C626354647000EEA13 /* Debug */,
				98D580C726354647000EEA13 /* Release */,
			);
			defaultConfigurationIsVisible = 0;
			defaultConfigurationName = Release;
		};
		98D580C826354647000EEA13 /* Build configuration list for PBXNativeTarget "BookMyShowDemo" */ = {
			isa = XCConfigurationList;
			buildConfigurations = (
				98D580C926354647000EEA13 /* Debug */,
				98D580CA26354647000EEA13 /* Release */,
			);
			defaultConfigurationIsVisible = 0;
			defaultConfigurationName = Release;
		};
		98D580CB26354647000EEA13 /* Build configuration list for PBXNativeTarget "BookMyShowDemoTests" */ = {
			isa = XCConfigurationList;
			buildConfigurations = (
				98D580CC26354647000EEA13 /* Debug */,
				98D580CD26354647000EEA13 /* Release */,
			);
			defaultConfigurationIsVisible = 0;
			defaultConfigurationName = Release;
		};
		98D580CE26354647000EEA13 /* Build configuration list for PBXNativeTarget "BookMyShowDemoUITests" */ = {
			isa = XCConfigurationList;
			buildConfigurations = (
				98D580CF26354647000EEA13 /* Debug */,
				98D580D026354647000EEA13 /* Release */,
			);
			defaultConfigurationIsVisible = 0;
			defaultConfigurationName = Release;
		};
/* End XCConfigurationList section */
	};
	rootObject = 98D5809626354646000EEA13 /* Project object */;
}
